{
  "object": {
    "pins": [
      {
        "package": "ASN1",
        "repositoryURL": "https://github.com/jayhomzhou/JASN1",
        "state": {
          "branch": null,
          "revision": "77f418be5272b103737d04c50d27cbe219949b7b",
          "version": "1.0.2"
        }
      },
      {
        "package": "JBigInt",
        "repositoryURL": "https://github.com/jayhomzhou/JBigInt",
        "state": {
          "branch": null,
          "revision": "fc77987b6bf74af96abdcc545fa70dbf841deb8a",
          "version": "1.0.1"
        }
      }
    ]
  },
  "version": 1
}
